
Microsoft Visual Studio Solution File, Format Version 12.00
# Visual Studio Version 17
VisualStudioVersion = 17.7.34024.191
MinimumVisualStudioVersion = 10.0.40219.1
Project("{9A19103F-16F7-4668-BE54-9A1E7A4F7556}") = "Calculator", "Calculator\Calculator.csproj", "{FBDE6E10-8994-47A9-8005-84335C6F08D0}"
EndProject
Project("{9A19103F-16F7-4668-BE54-9A1E7A4F7556}") = "CS_Study", "CS_Study\CS_Study.csproj", "{6F76EE21-6AF8-4525-B596-133397C392CC}"
EndProject
Global
	GlobalSection(SolutionConfigurationPlatforms) = preSolution
		Debug|Any CPU = Debug|Any CPU
		Release|Any CPU = Release|Any CPU
	EndGlobalSection
	GlobalSection(ProjectConfigurationPlatforms) = postSolution
		{FBDE6E10-8994-47A9-8005-84335C6F08D0}.Debug|Any CPU.ActiveCfg = Debug|Any CPU
		{FBDE6E10-8994-47A9-8005-84335C6F08D0}.Debug|Any CPU.Build.0 = Debug|Any CPU
		{FBDE6E10-8994-47A9-8005-84335C6F08D0}.Release|Any CPU.ActiveCfg = Release|Any CPU
		{FBDE6E10-8994-47A9-8005-84335C6F08D0}.Release|Any CPU.Build.0 = Release|Any CPU
		{6F76EE21-6AF8-4525-B596-133397C392CC}.Debug|Any CPU.ActiveCfg = Debug|Any CPU
		{6F76EE21-6AF8-4525-B596-133397C392CC}.Debug|Any CPU.Build.0 = Debug|Any CPU
		{6F76EE21-6AF8-4525-B596-133397C392CC}.Release|Any CPU.ActiveCfg = Release|Any CPU
		{6F76EE21-6AF8-4525-B596-133397C392CC}.Release|Any CPU.Build.0 = Release|Any CPU
	EndGlobalSection
	GlobalSection(SolutionProperties) = preSolution
		HideSolutionNode = FALSE
	EndGlobalSection
	GlobalSection(ExtensibilityGlobals) = postSolution
		SolutionGuid = {CE6875A8-CCF5-455F-BB39-C06049E37BCB}
	EndGlobalSection
EndGlobal
