
Microsoft Visual Studio Solution File, Format Version 12.00
# Visual Studio Version 17
VisualStudioVersion = 17.7.34024.191
MinimumVisualStudioVersion = 10.0.40219.1
Project("{9A19103F-16F7-4668-BE54-9A1E7A4F7556}") = "Calculator", "Calculator\Calculator.csproj", "{FBDE6E10-8994-47A9-8005-84335C6F08D0}"
EndProject
Project("{9A19103F-16F7-4668-BE54-9A1E7A4F7556}") = "CS_Study", "CS_Study\CS_Study.csproj", "{6F76EE21-6AF8-4525-B596-133397C392CC}"
EndProject
Project("{9A19103F-16F7-4668-BE54-9A1E7A4F7556}") = "leeyeonjun", "leeyeonjun\leeyeonjun.csproj", "{509716A6-E76A-4B31-8481-F6AF48BCAB18}"
EndProject
Project("{9A19103F-16F7-4668-BE54-9A1E7A4F7556}") = "JsonTask", "JsonTask\JsonTask.csproj", "{85897CE2-DEAD-4B2E-AA92-75CBE6D01EC3}"
EndProject
Project("{9A19103F-16F7-4668-BE54-9A1E7A4F7556}") = "ThisCS", "ThisCS\ThisCS.csproj", "{F25CA7E7-2394-423B-BC98-413B9B14D9E6}"
EndProject
Project("{2150E333-8FDC-42A3-9474-1A3956D46DE8}") = "솔루션 항목", "솔루션 항목", "{E6C51E77-5810-4E99-9F5E-F9A2CBA693DB}"
	ProjectSection(SolutionItems) = preProject
		README.md = README.md
	EndProjectSection
EndProject
Project("{FAE04EC0-301F-11D3-BF4B-00C04F79EFBC}") = "DotNetDebugging", "DotNetDebugging\DotNetDebugging.csproj", "{2248C168-84D2-4214-BDFF-08986D608C63}"
EndProject
Project("{FAE04EC0-301F-11D3-BF4B-00C04F79EFBC}") = "LangtonsAntProject", "LangtonsAntProject\LangtonsAntProject.csproj", "{98EA468F-2981-4021-8346-E7CC5D27F779}"
EndProject
Global
	GlobalSection(SolutionConfigurationPlatforms) = preSolution
		Debug|Any CPU = Debug|Any CPU
		Release|Any CPU = Release|Any CPU
	EndGlobalSection
	GlobalSection(ProjectConfigurationPlatforms) = postSolution
		{FBDE6E10-8994-47A9-8005-84335C6F08D0}.Debug|Any CPU.ActiveCfg = Debug|Any CPU
		{FBDE6E10-8994-47A9-8005-84335C6F08D0}.Debug|Any CPU.Build.0 = Debug|Any CPU
		{FBDE6E10-8994-47A9-8005-84335C6F08D0}.Release|Any CPU.ActiveCfg = Release|Any CPU
		{FBDE6E10-8994-47A9-8005-84335C6F08D0}.Release|Any CPU.Build.0 = Release|Any CPU
		{6F76EE21-6AF8-4525-B596-133397C392CC}.Debug|Any CPU.ActiveCfg = Debug|Any CPU
		{6F76EE21-6AF8-4525-B596-133397C392CC}.Debug|Any CPU.Build.0 = Debug|Any CPU
		{6F76EE21-6AF8-4525-B596-133397C392CC}.Release|Any CPU.ActiveCfg = Release|Any CPU
		{6F76EE21-6AF8-4525-B596-133397C392CC}.Release|Any CPU.Build.0 = Release|Any CPU
		{509716A6-E76A-4B31-8481-F6AF48BCAB18}.Debug|Any CPU.ActiveCfg = Debug|Any CPU
		{509716A6-E76A-4B31-8481-F6AF48BCAB18}.Debug|Any CPU.Build.0 = Debug|Any CPU
		{509716A6-E76A-4B31-8481-F6AF48BCAB18}.Release|Any CPU.ActiveCfg = Release|Any CPU
		{509716A6-E76A-4B31-8481-F6AF48BCAB18}.Release|Any CPU.Build.0 = Release|Any CPU
		{85897CE2-DEAD-4B2E-AA92-75CBE6D01EC3}.Debug|Any CPU.ActiveCfg = Debug|Any CPU
		{85897CE2-DEAD-4B2E-AA92-75CBE6D01EC3}.Debug|Any CPU.Build.0 = Debug|Any CPU
		{85897CE2-DEAD-4B2E-AA92-75CBE6D01EC3}.Release|Any CPU.ActiveCfg = Release|Any CPU
		{85897CE2-DEAD-4B2E-AA92-75CBE6D01EC3}.Release|Any CPU.Build.0 = Release|Any CPU
		{F25CA7E7-2394-423B-BC98-413B9B14D9E6}.Debug|Any CPU.ActiveCfg = Debug|Any CPU
		{F25CA7E7-2394-423B-BC98-413B9B14D9E6}.Debug|Any CPU.Build.0 = Debug|Any CPU
		{F25CA7E7-2394-423B-BC98-413B9B14D9E6}.Release|Any CPU.ActiveCfg = Release|Any CPU
		{F25CA7E7-2394-423B-BC98-413B9B14D9E6}.Release|Any CPU.Build.0 = Release|Any CPU
		{2248C168-84D2-4214-BDFF-08986D608C63}.Debug|Any CPU.ActiveCfg = Debug|Any CPU
		{2248C168-84D2-4214-BDFF-08986D608C63}.Debug|Any CPU.Build.0 = Debug|Any CPU
		{2248C168-84D2-4214-BDFF-08986D608C63}.Release|Any CPU.ActiveCfg = Release|Any CPU
		{2248C168-84D2-4214-BDFF-08986D608C63}.Release|Any CPU.Build.0 = Release|Any CPU
		{98EA468F-2981-4021-8346-E7CC5D27F779}.Debug|Any CPU.ActiveCfg = Debug|Any CPU
		{98EA468F-2981-4021-8346-E7CC5D27F779}.Debug|Any CPU.Build.0 = Debug|Any CPU
		{98EA468F-2981-4021-8346-E7CC5D27F779}.Release|Any CPU.ActiveCfg = Release|Any CPU
		{98EA468F-2981-4021-8346-E7CC5D27F779}.Release|Any CPU.Build.0 = Release|Any CPU
	EndGlobalSection
	GlobalSection(SolutionProperties) = preSolution
		HideSolutionNode = FALSE
	EndGlobalSection
	GlobalSection(ExtensibilityGlobals) = postSolution
		SolutionGuid = {CE6875A8-CCF5-455F-BB39-C06049E37BCB}
	EndGlobalSection
EndGlobal
