
Microsoft Visual Studio Solution File, Format Version 12.00
# Visual Studio Version 16
VisualStudioVersion = 16.0.34601.136
MinimumVisualStudioVersion = 10.0.40219.1
Project("{FAE04EC0-301F-11D3-BF4B-00C04F79EFBC}") = "ProductsApp", "ProductsApp\ProductsApp.csproj", "{4C2ED9C5-F03E-4F01-9D8F-8A033A94E48B}"
EndProject
Project("{2150E333-8FDC-42A3-9474-1A3956D46DE8}") = "Solution Items", "Solution Items", "{50A1CDFD-1F85-41CC-BE18-DE787336D6DF}"
	ProjectSection(SolutionItems) = preProject
		README.md = README.md
	EndProjectSection
EndProject
Global
	GlobalSection(SolutionConfigurationPlatforms) = preSolution
		Debug|Any CPU = Debug|Any CPU
		Release|Any CPU = Release|Any CPU
	EndGlobalSection
	GlobalSection(ProjectConfigurationPlatforms) = postSolution
		{4C2ED9C5-F03E-4F01-9D8F-8A033A94E48B}.Debug|Any CPU.ActiveCfg = Debug|Any CPU
		{4C2ED9C5-F03E-4F01-9D8F-8A033A94E48B}.Debug|Any CPU.Build.0 = Debug|Any CPU
		{4C2ED9C5-F03E-4F01-9D8F-8A033A94E48B}.Release|Any CPU.ActiveCfg = Release|Any CPU
		{4C2ED9C5-F03E-4F01-9D8F-8A033A94E48B}.Release|Any CPU.Build.0 = Release|Any CPU
	EndGlobalSection
	GlobalSection(SolutionProperties) = preSolution
		HideSolutionNode = FALSE
	EndGlobalSection
	GlobalSection(ExtensibilityGlobals) = postSolution
		SolutionGuid = {5BBF2F53-0CC0-408A-B346-C34B1675F06F}
	EndGlobalSection
EndGlobal
