
Microsoft Visual Studio Solution File, Format Version 12.00
# Visual Studio Version 17
VisualStudioVersion = 17.11.35312.102
MinimumVisualStudioVersion = 10.0.40219.1
Project("{FAE04EC0-301F-11D3-BF4B-00C04F79EFBC}") = "DevFlyout", "DevFlyout\DevFlyout.csproj", "{B58BB610-2572-4C3E-99C6-D2182DFE9207}"
EndProject
Global
	GlobalSection(SolutionConfigurationPlatforms) = preSolution
		Debug|Any CPU = Debug|Any CPU
		Release|Any CPU = Release|Any CPU
	EndGlobalSection
	GlobalSection(ProjectConfigurationPlatforms) = postSolution
		{B58BB610-2572-4C3E-99C6-D2182DFE9207}.Debug|Any CPU.ActiveCfg = Debug|Any CPU
		{B58BB610-2572-4C3E-99C6-D2182DFE9207}.Debug|Any CPU.Build.0 = Debug|Any CPU
		{B58BB610-2572-4C3E-99C6-D2182DFE9207}.Debug|Any CPU.Deploy.0 = Debug|Any CPU
		{B58BB610-2572-4C3E-99C6-D2182DFE9207}.Release|Any CPU.ActiveCfg = Release|Any CPU
		{B58BB610-2572-4C3E-99C6-D2182DFE9207}.Release|Any CPU.Build.0 = Release|Any CPU
		{B58BB610-2572-4C3E-99C6-D2182DFE9207}.Release|Any CPU.Deploy.0 = Release|Any CPU
	EndGlobalSection
	GlobalSection(SolutionProperties) = preSolution
		HideSolutionNode = FALSE
	EndGlobalSection
	GlobalSection(ExtensibilityGlobals) = postSolution
		SolutionGuid = {50A208DF-DC31-4878-ABC0-93261F3EF710}
	EndGlobalSection
EndGlobal
