
Microsoft Visual Studio Solution File, Format Version 12.00
# Visual Studio Version 17
VisualStudioVersion = 17.7.34024.191
MinimumVisualStudioVersion = 10.0.40219.1
Project("{9A19103F-16F7-4668-BE54-9A1E7A4F7556}") = "BlazorServerSignalR", "BlazorServerSignalR\BlazorServerSignalR.csproj", "{1D852D0B-85F8-4DC3-AACF-43064FE3F128}"
EndProject
Project("{9A19103F-16F7-4668-BE54-9A1E7A4F7556}") = "OoManager", "OoManager\OoManager.csproj", "{93A43C94-CC31-4611-954D-912B28354206}"
EndProject
Project("{2150E333-8FDC-42A3-9474-1A3956D46DE8}") = "솔루션 항목", "솔루션 항목", "{257B9077-9328-4185-9B5C-BC254C8208CB}"
	ProjectSection(SolutionItems) = preProject
		README.md = README.md
	EndProjectSection
EndProject
Project("{9A19103F-16F7-4668-BE54-9A1E7A4F7556}") = "Common", "Common\Common.csproj", "{78BB2427-161D-42CA-A2C7-0B8DCA4B409F}"
EndProject
Project("{9A19103F-16F7-4668-BE54-9A1E7A4F7556}") = "Utiles", "..\leeyeonjun\Utiles\Utiles.csproj", "{B04FEE05-815B-4070-AFFD-995621E769D1}"
EndProject
Global
	GlobalSection(SolutionConfigurationPlatforms) = preSolution
		Debug|Any CPU = Debug|Any CPU
		Debug|ARM = Debug|ARM
		Debug|ARM64 = Debug|ARM64
		Debug|x64 = Debug|x64
		Debug|x86 = Debug|x86
		Release|Any CPU = Release|Any CPU
		Release|ARM = Release|ARM
		Release|ARM64 = Release|ARM64
		Release|x64 = Release|x64
		Release|x86 = Release|x86
	EndGlobalSection
	GlobalSection(ProjectConfigurationPlatforms) = postSolution
		{1D852D0B-85F8-4DC3-AACF-43064FE3F128}.Debug|Any CPU.ActiveCfg = Debug|Any CPU
		{1D852D0B-85F8-4DC3-AACF-43064FE3F128}.Debug|Any CPU.Build.0 = Debug|Any CPU
		{1D852D0B-85F8-4DC3-AACF-43064FE3F128}.Debug|ARM.ActiveCfg = Debug|Any CPU
		{1D852D0B-85F8-4DC3-AACF-43064FE3F128}.Debug|ARM.Build.0 = Debug|Any CPU
		{1D852D0B-85F8-4DC3-AACF-43064FE3F128}.Debug|ARM64.ActiveCfg = Debug|Any CPU
		{1D852D0B-85F8-4DC3-AACF-43064FE3F128}.Debug|ARM64.Build.0 = Debug|Any CPU
		{1D852D0B-85F8-4DC3-AACF-43064FE3F128}.Debug|x64.ActiveCfg = Debug|Any CPU
		{1D852D0B-85F8-4DC3-AACF-43064FE3F128}.Debug|x64.Build.0 = Debug|Any CPU
		{1D852D0B-85F8-4DC3-AACF-43064FE3F128}.Debug|x86.ActiveCfg = Debug|Any CPU
		{1D852D0B-85F8-4DC3-AACF-43064FE3F128}.Debug|x86.Build.0 = Debug|Any CPU
		{1D852D0B-85F8-4DC3-AACF-43064FE3F128}.Release|Any CPU.ActiveCfg = Release|Any CPU
		{1D852D0B-85F8-4DC3-AACF-43064FE3F128}.Release|Any CPU.Build.0 = Release|Any CPU
		{1D852D0B-85F8-4DC3-AACF-43064FE3F128}.Release|ARM.ActiveCfg = Release|Any CPU
		{1D852D0B-85F8-4DC3-AACF-43064FE3F128}.Release|ARM.Build.0 = Release|Any CPU
		{1D852D0B-85F8-4DC3-AACF-43064FE3F128}.Release|ARM64.ActiveCfg = Release|Any CPU
		{1D852D0B-85F8-4DC3-AACF-43064FE3F128}.Release|ARM64.Build.0 = Release|Any CPU
		{1D852D0B-85F8-4DC3-AACF-43064FE3F128}.Release|x64.ActiveCfg = Release|Any CPU
		{1D852D0B-85F8-4DC3-AACF-43064FE3F128}.Release|x64.Build.0 = Release|Any CPU
		{1D852D0B-85F8-4DC3-AACF-43064FE3F128}.Release|x86.ActiveCfg = Release|Any CPU
		{1D852D0B-85F8-4DC3-AACF-43064FE3F128}.Release|x86.Build.0 = Release|Any CPU
		{93A43C94-CC31-4611-954D-912B28354206}.Debug|Any CPU.ActiveCfg = Debug|Any CPU
		{93A43C94-CC31-4611-954D-912B28354206}.Debug|Any CPU.Build.0 = Debug|Any CPU
		{93A43C94-CC31-4611-954D-912B28354206}.Debug|ARM.ActiveCfg = Debug|Any CPU
		{93A43C94-CC31-4611-954D-912B28354206}.Debug|ARM.Build.0 = Debug|Any CPU
		{93A43C94-CC31-4611-954D-912B28354206}.Debug|ARM64.ActiveCfg = Debug|Any CPU
		{93A43C94-CC31-4611-954D-912B28354206}.Debug|ARM64.Build.0 = Debug|Any CPU
		{93A43C94-CC31-4611-954D-912B28354206}.Debug|x64.ActiveCfg = Debug|Any CPU
		{93A43C94-CC31-4611-954D-912B28354206}.Debug|x64.Build.0 = Debug|Any CPU
		{93A43C94-CC31-4611-954D-912B28354206}.Debug|x86.ActiveCfg = Debug|Any CPU
		{93A43C94-CC31-4611-954D-912B28354206}.Debug|x86.Build.0 = Debug|Any CPU
		{93A43C94-CC31-4611-954D-912B28354206}.Release|Any CPU.ActiveCfg = Release|Any CPU
		{93A43C94-CC31-4611-954D-912B28354206}.Release|Any CPU.Build.0 = Release|Any CPU
		{93A43C94-CC31-4611-954D-912B28354206}.Release|ARM.ActiveCfg = Release|Any CPU
		{93A43C94-CC31-4611-954D-912B28354206}.Release|ARM.Build.0 = Release|Any CPU
		{93A43C94-CC31-4611-954D-912B28354206}.Release|ARM64.ActiveCfg = Release|Any CPU
		{93A43C94-CC31-4611-954D-912B28354206}.Release|ARM64.Build.0 = Release|Any CPU
		{93A43C94-CC31-4611-954D-912B28354206}.Release|x64.ActiveCfg = Release|Any CPU
		{93A43C94-CC31-4611-954D-912B28354206}.Release|x64.Build.0 = Release|Any CPU
		{93A43C94-CC31-4611-954D-912B28354206}.Release|x86.ActiveCfg = Release|Any CPU
		{93A43C94-CC31-4611-954D-912B28354206}.Release|x86.Build.0 = Release|Any CPU
		{78BB2427-161D-42CA-A2C7-0B8DCA4B409F}.Debug|Any CPU.ActiveCfg = Debug|Any CPU
		{78BB2427-161D-42CA-A2C7-0B8DCA4B409F}.Debug|Any CPU.Build.0 = Debug|Any CPU
		{78BB2427-161D-42CA-A2C7-0B8DCA4B409F}.Debug|ARM.ActiveCfg = Debug|Any CPU
		{78BB2427-161D-42CA-A2C7-0B8DCA4B409F}.Debug|ARM.Build.0 = Debug|Any CPU
		{78BB2427-161D-42CA-A2C7-0B8DCA4B409F}.Debug|ARM64.ActiveCfg = Debug|Any CPU
		{78BB2427-161D-42CA-A2C7-0B8DCA4B409F}.Debug|ARM64.Build.0 = Debug|Any CPU
		{78BB2427-161D-42CA-A2C7-0B8DCA4B409F}.Debug|x64.ActiveCfg = Debug|Any CPU
		{78BB2427-161D-42CA-A2C7-0B8DCA4B409F}.Debug|x64.Build.0 = Debug|Any CPU
		{78BB2427-161D-42CA-A2C7-0B8DCA4B409F}.Debug|x86.ActiveCfg = Debug|Any CPU
		{78BB2427-161D-42CA-A2C7-0B8DCA4B409F}.Debug|x86.Build.0 = Debug|Any CPU
		{78BB2427-161D-42CA-A2C7-0B8DCA4B409F}.Release|Any CPU.ActiveCfg = Release|Any CPU
		{78BB2427-161D-42CA-A2C7-0B8DCA4B409F}.Release|Any CPU.Build.0 = Release|Any CPU
		{78BB2427-161D-42CA-A2C7-0B8DCA4B409F}.Release|ARM.ActiveCfg = Release|Any CPU
		{78BB2427-161D-42CA-A2C7-0B8DCA4B409F}.Release|ARM.Build.0 = Release|Any CPU
		{78BB2427-161D-42CA-A2C7-0B8DCA4B409F}.Release|ARM64.ActiveCfg = Release|Any CPU
		{78BB2427-161D-42CA-A2C7-0B8DCA4B409F}.Release|ARM64.Build.0 = Release|Any CPU
		{78BB2427-161D-42CA-A2C7-0B8DCA4B409F}.Release|x64.ActiveCfg = Release|Any CPU
		{78BB2427-161D-42CA-A2C7-0B8DCA4B409F}.Release|x64.Build.0 = Release|Any CPU
		{78BB2427-161D-42CA-A2C7-0B8DCA4B409F}.Release|x86.ActiveCfg = Release|Any CPU
		{78BB2427-161D-42CA-A2C7-0B8DCA4B409F}.Release|x86.Build.0 = Release|Any CPU
		{B04FEE05-815B-4070-AFFD-995621E769D1}.Debug|Any CPU.ActiveCfg = Debug|Any CPU
		{B04FEE05-815B-4070-AFFD-995621E769D1}.Debug|Any CPU.Build.0 = Debug|Any CPU
		{B04FEE05-815B-4070-AFFD-995621E769D1}.Debug|ARM.ActiveCfg = Debug|Any CPU
		{B04FEE05-815B-4070-AFFD-995621E769D1}.Debug|ARM.Build.0 = Debug|Any CPU
		{B04FEE05-815B-4070-AFFD-995621E769D1}.Debug|ARM64.ActiveCfg = Debug|Any CPU
		{B04FEE05-815B-4070-AFFD-995621E769D1}.Debug|ARM64.Build.0 = Debug|Any CPU
		{B04FEE05-815B-4070-AFFD-995621E769D1}.Debug|x64.ActiveCfg = Debug|Any CPU
		{B04FEE05-815B-4070-AFFD-995621E769D1}.Debug|x64.Build.0 = Debug|Any CPU
		{B04FEE05-815B-4070-AFFD-995621E769D1}.Debug|x86.ActiveCfg = Debug|Any CPU
		{B04FEE05-815B-4070-AFFD-995621E769D1}.Debug|x86.Build.0 = Debug|Any CPU
		{B04FEE05-815B-4070-AFFD-995621E769D1}.Release|Any CPU.ActiveCfg = Release|Any CPU
		{B04FEE05-815B-4070-AFFD-995621E769D1}.Release|Any CPU.Build.0 = Release|Any CPU
		{B04FEE05-815B-4070-AFFD-995621E769D1}.Release|ARM.ActiveCfg = Release|Any CPU
		{B04FEE05-815B-4070-AFFD-995621E769D1}.Release|ARM.Build.0 = Release|Any CPU
		{B04FEE05-815B-4070-AFFD-995621E769D1}.Release|ARM64.ActiveCfg = Release|Any CPU
		{B04FEE05-815B-4070-AFFD-995621E769D1}.Release|ARM64.Build.0 = Release|Any CPU
		{B04FEE05-815B-4070-AFFD-995621E769D1}.Release|x64.ActiveCfg = Release|Any CPU
		{B04FEE05-815B-4070-AFFD-995621E769D1}.Release|x64.Build.0 = Release|Any CPU
		{B04FEE05-815B-4070-AFFD-995621E769D1}.Release|x86.ActiveCfg = Release|Any CPU
		{B04FEE05-815B-4070-AFFD-995621E769D1}.Release|x86.Build.0 = Release|Any CPU
	EndGlobalSection
	GlobalSection(SolutionProperties) = preSolution
		HideSolutionNode = FALSE
	EndGlobalSection
	GlobalSection(ExtensibilityGlobals) = postSolution
		SolutionGuid = {7266144E-1747-4672-8204-60333D71E434}
	EndGlobalSection
EndGlobal
