
Microsoft Visual Studio Solution File, Format Version 12.00
# Visual Studio Version 17
VisualStudioVersion = 17.7.34024.191
MinimumVisualStudioVersion = 10.0.40219.1
Project("{9A19103F-16F7-4668-BE54-9A1E7A4F7556}") = "Wpf_Chat", "Wpf_Chat\Wpf_Chat.csproj", "{08C431EB-F032-4131-B949-22BC5012909C}"
EndProject
Project("{9A19103F-16F7-4668-BE54-9A1E7A4F7556}") = "WPF_HelloWPFApp", "WPF_HelloWPFApp\WPF_HelloWPFApp.csproj", "{D173ABB4-8956-4599-A313-704FEE031A28}"
EndProject
Project("{9A19103F-16F7-4668-BE54-9A1E7A4F7556}") = "WpfBase", "WpfBase\WpfBase.csproj", "{7496581D-D396-48C7-9F1F-74CC5A1C6EC1}"
EndProject
Global
	GlobalSection(SolutionConfigurationPlatforms) = preSolution
		Debug|Any CPU = Debug|Any CPU
		Release|Any CPU = Release|Any CPU
	EndGlobalSection
	GlobalSection(ProjectConfigurationPlatforms) = postSolution
		{08C431EB-F032-4131-B949-22BC5012909C}.Debug|Any CPU.ActiveCfg = Debug|Any CPU
		{08C431EB-F032-4131-B949-22BC5012909C}.Debug|Any CPU.Build.0 = Debug|Any CPU
		{08C431EB-F032-4131-B949-22BC5012909C}.Release|Any CPU.ActiveCfg = Release|Any CPU
		{08C431EB-F032-4131-B949-22BC5012909C}.Release|Any CPU.Build.0 = Release|Any CPU
		{D173ABB4-8956-4599-A313-704FEE031A28}.Debug|Any CPU.ActiveCfg = Debug|Any CPU
		{D173ABB4-8956-4599-A313-704FEE031A28}.Debug|Any CPU.Build.0 = Debug|Any CPU
		{D173ABB4-8956-4599-A313-704FEE031A28}.Release|Any CPU.ActiveCfg = Release|Any CPU
		{D173ABB4-8956-4599-A313-704FEE031A28}.Release|Any CPU.Build.0 = Release|Any CPU
		{7496581D-D396-48C7-9F1F-74CC5A1C6EC1}.Debug|Any CPU.ActiveCfg = Debug|Any CPU
		{7496581D-D396-48C7-9F1F-74CC5A1C6EC1}.Debug|Any CPU.Build.0 = Debug|Any CPU
		{7496581D-D396-48C7-9F1F-74CC5A1C6EC1}.Release|Any CPU.ActiveCfg = Release|Any CPU
		{7496581D-D396-48C7-9F1F-74CC5A1C6EC1}.Release|Any CPU.Build.0 = Release|Any CPU
	EndGlobalSection
	GlobalSection(SolutionProperties) = preSolution
		HideSolutionNode = FALSE
	EndGlobalSection
	GlobalSection(ExtensibilityGlobals) = postSolution
		SolutionGuid = {1680C8A3-D776-461C-AAE0-95D314052F35}
	EndGlobalSection
EndGlobal
