
Microsoft Visual Studio Solution File, Format Version 12.00
# Visual Studio Version 17
VisualStudioVersion = 17.11.35312.102
MinimumVisualStudioVersion = 10.0.40219.1
Project("{FAE04EC0-301F-11D3-BF4B-00C04F79EFBC}") = "DevBlank", "DevBlank\DevBlank.csproj", "{EEF18E52-263C-4F58-99D5-107263A68740}"
EndProject
Global
	GlobalSection(SolutionConfigurationPlatforms) = preSolution
		Debug|Any CPU = Debug|Any CPU
		Release|Any CPU = Release|Any CPU
	EndGlobalSection
	GlobalSection(ProjectConfigurationPlatforms) = postSolution
		{EEF18E52-263C-4F58-99D5-107263A68740}.Debug|Any CPU.ActiveCfg = Debug|Any CPU
		{EEF18E52-263C-4F58-99D5-107263A68740}.Debug|Any CPU.Build.0 = Debug|Any CPU
		{EEF18E52-263C-4F58-99D5-107263A68740}.Debug|Any CPU.Deploy.0 = Debug|Any CPU
		{EEF18E52-263C-4F58-99D5-107263A68740}.Release|Any CPU.ActiveCfg = Release|Any CPU
		{EEF18E52-263C-4F58-99D5-107263A68740}.Release|Any CPU.Build.0 = Release|Any CPU
		{EEF18E52-263C-4F58-99D5-107263A68740}.Release|Any CPU.Deploy.0 = Release|Any CPU
	EndGlobalSection
	GlobalSection(SolutionProperties) = preSolution
		HideSolutionNode = FALSE
	EndGlobalSection
	GlobalSection(ExtensibilityGlobals) = postSolution
		SolutionGuid = {74DE8AF8-119E-430B-9DA8-B1406368E44C}
	EndGlobalSection
EndGlobal
