
Microsoft Visual Studio Solution File, Format Version 12.00
# Visual Studio Version 17
VisualStudioVersion = 17.7.34024.191
MinimumVisualStudioVersion = 10.0.40219.1
Project("{9A19103F-16F7-4668-BE54-9A1E7A4F7556}") = "DataBaseTools", "DataBaseTools\DataBaseTools.csproj", "{9ECE8688-882A-4CEE-8FE2-33BF49E9D2CB}"
EndProject
Project("{9A19103F-16F7-4668-BE54-9A1E7A4F7556}") = "ConfirmedPublish", "..\..\..\EdcoreWorks\SolaceExamples\ConfirmedDelivery\ConfirmedPublish.csproj", "{7E99B4E4-F242-4E5B-B253-D7D382E572C6}"
EndProject
Project("{2150E333-8FDC-42A3-9474-1A3956D46DE8}") = "솔루션 항목", "솔루션 항목", "{5184ED3E-CAF1-4BA6-84AB-73BFAF55E5D4}"
	ProjectSection(SolutionItems) = preProject
		README.md = README.md
	EndProjectSection
EndProject
Project("{9A19103F-16F7-4668-BE54-9A1E7A4F7556}") = "Utiles", "Utiles\Utiles.csproj", "{DDBC3000-C1AF-42B9-AD73-AEEB5449BCF2}"
EndProject
Global
	GlobalSection(SolutionConfigurationPlatforms) = preSolution
		Debug|Any CPU = Debug|Any CPU
		Debug|arm64 = Debug|arm64
		Debug|x64 = Debug|x64
		Debug|x86 = Debug|x86
		Release|Any CPU = Release|Any CPU
		Release|arm64 = Release|arm64
		Release|x64 = Release|x64
		Release|x86 = Release|x86
	EndGlobalSection
	GlobalSection(ProjectConfigurationPlatforms) = postSolution
		{9ECE8688-882A-4CEE-8FE2-33BF49E9D2CB}.Debug|Any CPU.ActiveCfg = Debug|Any CPU
		{9ECE8688-882A-4CEE-8FE2-33BF49E9D2CB}.Debug|Any CPU.Build.0 = Debug|Any CPU
		{9ECE8688-882A-4CEE-8FE2-33BF49E9D2CB}.Debug|arm64.ActiveCfg = Debug|Any CPU
		{9ECE8688-882A-4CEE-8FE2-33BF49E9D2CB}.Debug|arm64.Build.0 = Debug|Any CPU
		{9ECE8688-882A-4CEE-8FE2-33BF49E9D2CB}.Debug|x64.ActiveCfg = Debug|Any CPU
		{9ECE8688-882A-4CEE-8FE2-33BF49E9D2CB}.Debug|x64.Build.0 = Debug|Any CPU
		{9ECE8688-882A-4CEE-8FE2-33BF49E9D2CB}.Debug|x86.ActiveCfg = Debug|Any CPU
		{9ECE8688-882A-4CEE-8FE2-33BF49E9D2CB}.Debug|x86.Build.0 = Debug|Any CPU
		{9ECE8688-882A-4CEE-8FE2-33BF49E9D2CB}.Release|Any CPU.ActiveCfg = Release|Any CPU
		{9ECE8688-882A-4CEE-8FE2-33BF49E9D2CB}.Release|Any CPU.Build.0 = Release|Any CPU
		{9ECE8688-882A-4CEE-8FE2-33BF49E9D2CB}.Release|arm64.ActiveCfg = Release|Any CPU
		{9ECE8688-882A-4CEE-8FE2-33BF49E9D2CB}.Release|arm64.Build.0 = Release|Any CPU
		{9ECE8688-882A-4CEE-8FE2-33BF49E9D2CB}.Release|x64.ActiveCfg = Release|Any CPU
		{9ECE8688-882A-4CEE-8FE2-33BF49E9D2CB}.Release|x64.Build.0 = Release|Any CPU
		{9ECE8688-882A-4CEE-8FE2-33BF49E9D2CB}.Release|x86.ActiveCfg = Release|Any CPU
		{9ECE8688-882A-4CEE-8FE2-33BF49E9D2CB}.Release|x86.Build.0 = Release|Any CPU
		{7E99B4E4-F242-4E5B-B253-D7D382E572C6}.Debug|Any CPU.ActiveCfg = Debug|Any CPU
		{7E99B4E4-F242-4E5B-B253-D7D382E572C6}.Debug|Any CPU.Build.0 = Debug|Any CPU
		{7E99B4E4-F242-4E5B-B253-D7D382E572C6}.Debug|arm64.ActiveCfg = Debug|Any CPU
		{7E99B4E4-F242-4E5B-B253-D7D382E572C6}.Debug|arm64.Build.0 = Debug|Any CPU
		{7E99B4E4-F242-4E5B-B253-D7D382E572C6}.Debug|x64.ActiveCfg = Debug|Any CPU
		{7E99B4E4-F242-4E5B-B253-D7D382E572C6}.Debug|x64.Build.0 = Debug|Any CPU
		{7E99B4E4-F242-4E5B-B253-D7D382E572C6}.Debug|x86.ActiveCfg = Debug|Any CPU
		{7E99B4E4-F242-4E5B-B253-D7D382E572C6}.Debug|x86.Build.0 = Debug|Any CPU
		{7E99B4E4-F242-4E5B-B253-D7D382E572C6}.Release|Any CPU.ActiveCfg = Release|Any CPU
		{7E99B4E4-F242-4E5B-B253-D7D382E572C6}.Release|Any CPU.Build.0 = Release|Any CPU
		{7E99B4E4-F242-4E5B-B253-D7D382E572C6}.Release|arm64.ActiveCfg = Release|Any CPU
		{7E99B4E4-F242-4E5B-B253-D7D382E572C6}.Release|arm64.Build.0 = Release|Any CPU
		{7E99B4E4-F242-4E5B-B253-D7D382E572C6}.Release|x64.ActiveCfg = Release|Any CPU
		{7E99B4E4-F242-4E5B-B253-D7D382E572C6}.Release|x64.Build.0 = Release|Any CPU
		{7E99B4E4-F242-4E5B-B253-D7D382E572C6}.Release|x86.ActiveCfg = Release|Any CPU
		{7E99B4E4-F242-4E5B-B253-D7D382E572C6}.Release|x86.Build.0 = Release|Any CPU
		{DDBC3000-C1AF-42B9-AD73-AEEB5449BCF2}.Debug|Any CPU.ActiveCfg = Debug|Any CPU
		{DDBC3000-C1AF-42B9-AD73-AEEB5449BCF2}.Debug|Any CPU.Build.0 = Debug|Any CPU
		{DDBC3000-C1AF-42B9-AD73-AEEB5449BCF2}.Debug|arm64.ActiveCfg = Debug|Any CPU
		{DDBC3000-C1AF-42B9-AD73-AEEB5449BCF2}.Debug|arm64.Build.0 = Debug|Any CPU
		{DDBC3000-C1AF-42B9-AD73-AEEB5449BCF2}.Debug|x64.ActiveCfg = Debug|Any CPU
		{DDBC3000-C1AF-42B9-AD73-AEEB5449BCF2}.Debug|x64.Build.0 = Debug|Any CPU
		{DDBC3000-C1AF-42B9-AD73-AEEB5449BCF2}.Debug|x86.ActiveCfg = Debug|Any CPU
		{DDBC3000-C1AF-42B9-AD73-AEEB5449BCF2}.Debug|x86.Build.0 = Debug|Any CPU
		{DDBC3000-C1AF-42B9-AD73-AEEB5449BCF2}.Release|Any CPU.ActiveCfg = Release|Any CPU
		{DDBC3000-C1AF-42B9-AD73-AEEB5449BCF2}.Release|Any CPU.Build.0 = Release|Any CPU
		{DDBC3000-C1AF-42B9-AD73-AEEB5449BCF2}.Release|arm64.ActiveCfg = Release|Any CPU
		{DDBC3000-C1AF-42B9-AD73-AEEB5449BCF2}.Release|arm64.Build.0 = Release|Any CPU
		{DDBC3000-C1AF-42B9-AD73-AEEB5449BCF2}.Release|x64.ActiveCfg = Release|Any CPU
		{DDBC3000-C1AF-42B9-AD73-AEEB5449BCF2}.Release|x64.Build.0 = Release|Any CPU
		{DDBC3000-C1AF-42B9-AD73-AEEB5449BCF2}.Release|x86.ActiveCfg = Release|Any CPU
		{DDBC3000-C1AF-42B9-AD73-AEEB5449BCF2}.Release|x86.Build.0 = Release|Any CPU
	EndGlobalSection
	GlobalSection(SolutionProperties) = preSolution
		HideSolutionNode = FALSE
	EndGlobalSection
	GlobalSection(ExtensibilityGlobals) = postSolution
		SolutionGuid = {2BB7D3CA-635A-4DEF-A225-B1BB6FBF966D}
	EndGlobalSection
EndGlobal
