
Microsoft Visual Studio Solution File, Format Version 12.00
# Visual Studio Version 17
VisualStudioVersion = 17.11.35312.102
MinimumVisualStudioVersion = 10.0.40219.1
Project("{FAE04EC0-301F-11D3-BF4B-00C04F79EFBC}") = "DevTabbed", "DevTabbed\DevTabbed.csproj", "{D65029B9-8856-4819-8612-7E92F861842A}"
EndProject
Global
	GlobalSection(SolutionConfigurationPlatforms) = preSolution
		Debug|Any CPU = Debug|Any CPU
		Release|Any CPU = Release|Any CPU
	EndGlobalSection
	GlobalSection(ProjectConfigurationPlatforms) = postSolution
		{D65029B9-8856-4819-8612-7E92F861842A}.Debug|Any CPU.ActiveCfg = Debug|Any CPU
		{D65029B9-8856-4819-8612-7E92F861842A}.Debug|Any CPU.Build.0 = Debug|Any CPU
		{D65029B9-8856-4819-8612-7E92F861842A}.Debug|Any CPU.Deploy.0 = Debug|Any CPU
		{D65029B9-8856-4819-8612-7E92F861842A}.Release|Any CPU.ActiveCfg = Release|Any CPU
		{D65029B9-8856-4819-8612-7E92F861842A}.Release|Any CPU.Build.0 = Release|Any CPU
		{D65029B9-8856-4819-8612-7E92F861842A}.Release|Any CPU.Deploy.0 = Release|Any CPU
	EndGlobalSection
	GlobalSection(SolutionProperties) = preSolution
		HideSolutionNode = FALSE
	EndGlobalSection
	GlobalSection(ExtensibilityGlobals) = postSolution
		SolutionGuid = {59487889-7085-445D-A493-BD54D97AABF8}
	EndGlobalSection
EndGlobal
